
Microsoft Visual Studio Solution File, Format Version 12.00
# Visual Studio 15
VisualStudioVersion = 15.0.28307.168
MinimumVisualStudioVersion = 10.0.40219.1
Project("{FAE04EC0-301F-11D3-BF4B-00C04F79EFBC}") = "RedSocialMinijuegos", "RedSocialMinijuegos\RedSocialMinijuegos.csproj", "{CC939CAA-A33F-4483-BC9C-6627D2385EA2}"
EndProject
Global
	GlobalSection(SolutionConfigurationPlatforms) = preSolution
		Debug|Any CPU = Debug|Any CPU
		Release|Any CPU = Release|Any CPU
	EndGlobalSection
	GlobalSection(ProjectConfigurationPlatforms) = postSolution
		{CC939CAA-A33F-4483-BC9C-6627D2385EA2}.Debug|Any CPU.ActiveCfg = Debug|Any CPU
		{CC939CAA-A33F-4483-BC9C-6627D2385EA2}.Debug|Any CPU.Build.0 = Debug|Any CPU
		{CC939CAA-A33F-4483-BC9C-6627D2385EA2}.Release|Any CPU.ActiveCfg = Release|Any CPU
		{CC939CAA-A33F-4483-BC9C-6627D2385EA2}.Release|Any CPU.Build.0 = Release|Any CPU
	EndGlobalSection
	GlobalSection(SolutionProperties) = preSolution
		HideSolutionNode = FALSE
	EndGlobalSection
	GlobalSection(ExtensibilityGlobals) = postSolution
		SolutionGuid = {6180211E-0468-4964-9082-33F17C4EA254}
	EndGlobalSection
EndGlobal
